Microsoft Visual Studio Solution File, Format Version 12.00
# Visual Studio Version 17
VisualStudioVersion = 17.5.2.0
MinimumVisualStudioVersion = 10.0.40219.1
Project("{FAE04EC0-301F-11D3-BF4B-00C04F79EFBC}") = "QLKS_115_Nhom3_BE", "QLKS_115_Nhom3_BE.csproj", "{875305B7-7AC1-54BD-9A66-06A8DB044847}"
EndProject
Global
	GlobalSection(SolutionConfigurationPlatforms) = preSolution
		Debug|Any CPU = Debug|Any CPU
		Release|Any CPU = Release|Any CPU
	EndGlobalSection
	GlobalSection(ProjectConfigurationPlatforms) = postSolution
		{875305B7-7AC1-54BD-9A66-06A8DB044847}.Debug|Any CPU.ActiveCfg = Debug|Any CPU
		{875305B7-7AC1-54BD-9A66-06A8DB044847}.Debug|Any CPU.Build.0 = Debug|Any CPU
		{875305B7-7AC1-54BD-9A66-06A8DB044847}.Release|Any CPU.ActiveCfg = Release|Any CPU
		{875305B7-7AC1-54BD-9A66-06A8DB044847}.Release|Any CPU.Build.0 = Release|Any CPU
	EndGlobalSection
	GlobalSection(SolutionProperties) = preSolution
		HideSolutionNode = FALSE
	EndGlobalSection
	GlobalSection(ExtensibilityGlobals) = postSolution
		SolutionGuid = {3B42AD5B-C2E3-4E50-964C-F5F57F495B5C}
	EndGlobalSection
EndGlobal
